
Microsoft Visual Studio Solution File, Format Version 12.00
# Visual Studio Express 2012 for Web
Project("{FAE04EC0-301F-11D3-BF4B-00C04F79EFBC}") = "carpinteria_Pagina_Web", "carpinteria_Pagina_Web\carpinteria_Pagina_Web.csproj", "{BB6D839F-1D34-449C-950B-FBBA6B769166}"
EndProject
Project("{FAE04EC0-301F-11D3-BF4B-00C04F79EFBC}") = "web.Logica", "web.Logica\web.Logica.csproj", "{887DD38A-9891-47EE-8F17-6A7E3B4398A3}"
EndProject
Global
	GlobalSection(SolutionConfigurationPlatforms) = preSolution
		Debug|Any CPU = Debug|Any CPU
		Release|Any CPU = Release|Any CPU
	EndGlobalSection
	GlobalSection(ProjectConfigurationPlatforms) = postSolution
		{BB6D839F-1D34-449C-950B-FBBA6B769166}.Debug|Any CPU.ActiveCfg = Debug|Any CPU
		{BB6D839F-1D34-449C-950B-FBBA6B769166}.Debug|Any CPU.Build.0 = Debug|Any CPU
		{BB6D839F-1D34-449C-950B-FBBA6B769166}.Release|Any CPU.ActiveCfg = Release|Any CPU
		{BB6D839F-1D34-449C-950B-FBBA6B769166}.Release|Any CPU.Build.0 = Release|Any CPU
		{887DD38A-9891-47EE-8F17-6A7E3B4398A3}.Debug|Any CPU.ActiveCfg = Debug|Any CPU
		{887DD38A-9891-47EE-8F17-6A7E3B4398A3}.Debug|Any CPU.Build.0 = Debug|Any CPU
		{887DD38A-9891-47EE-8F17-6A7E3B4398A3}.Release|Any CPU.ActiveCfg = Release|Any CPU
		{887DD38A-9891-47EE-8F17-6A7E3B4398A3}.Release|Any CPU.Build.0 = Release|Any CPU
	EndGlobalSection
	GlobalSection(SolutionProperties) = preSolution
		HideSolutionNode = FALSE
	EndGlobalSection
EndGlobal
